<?xml version="1.0" encoding="UTF-8"?>
<!DOCTYPE plist PUBLIC "-//Apple//DTD PLIST 1.0//EN" "http://www.apple.com/DTDs/PropertyList-1.0.dtd">
<plist version="1.0">
<dict>
	<key>archiveVersion</key>
	<string>1</string>
	<key>classes</key>
	<dict/>
	<key>objectVersion</key>
	<string>46</string>
	<key>objects</key>
	<dict>
		<key>411A465628014FC7A4AEB8B7</key>
		<dict>
			<key>fileRef</key>
			<string>AC132944CA304ECCBEE50CA9</string>
			<key>isa</key>
			<string>PBXBuildFile</string>
		</dict>
		<key>4BBDE9F402F240E38E07E2DC</key>
		<dict>
			<key>fileRef</key>
			<string>E91C78580F724C1780A1E9C4</string>
			<key>isa</key>
			<string>PBXBuildFile</string>
		</dict>
		<key>4C720D9D5C2941789B3CF79C</key>
		<dict>
			<key>buildActionMask</key>
			<string>2147483647</string>
			<key>files</key>
			<array/>
			<key>inputPaths</key>
			<array/>
			<key>isa</key>
			<string>PBXShellScriptBuildPhase</string>
			<key>name</key>
			<string>Copy Pods Resources</string>
			<key>outputPaths</key>
			<array/>
			<key>runOnlyForDeploymentPostprocessing</key>
			<string>0</string>
			<key>shellPath</key>
			<string>/bin/sh</string>
			<key>shellScript</key>
			<string>"${SRCROOT}/Pods/Pods-resources.sh"
</string>
			<key>showEnvVarsInLog</key>
			<string>0</string>
		</dict>
		<key>677D2926065347509D2E3748</key>
		<dict>
			<key>includeInIndex</key>
			<string>1</string>
			<key>isa</key>
			<string>PBXFileReference</string>
			<key>lastKnownFileType</key>
			<string>text.xcconfig</string>
			<key>name</key>
			<string>Pods-test.xcconfig</string>
			<key>path</key>
			<string>Pods/Pods-test.xcconfig</string>
			<key>sourceTree</key>
			<string>&lt;group&gt;</string>
		</dict>
		<key>84B67518854F420AADB4AE06</key>
		<dict>
			<key>buildActionMask</key>
			<string>2147483647</string>
			<key>files</key>
			<array/>
			<key>inputPaths</key>
			<array/>
			<key>isa</key>
			<string>PBXShellScriptBuildPhase</string>
			<key>name</key>
			<string>Copy Pods Resources</string>
			<key>outputPaths</key>
			<array/>
			<key>runOnlyForDeploymentPostprocessing</key>
			<string>0</string>
			<key>shellPath</key>
			<string>/bin/sh</string>
			<key>shellScript</key>
			<string>"${SRCROOT}/Pods/Pods-test-resources.sh"
</string>
			<key>showEnvVarsInLog</key>
			<string>0</string>
		</dict>
		<key>A902EDAE6F76403C892C5558</key>
		<dict>
			<key>buildActionMask</key>
			<string>2147483647</string>
			<key>files</key>
			<array/>
			<key>inputPaths</key>
			<array/>
			<key>isa</key>
			<string>PBXShellScriptBuildPhase</string>
			<key>name</key>
			<string>Check Pods Manifest.lock</string>
			<key>outputPaths</key>
			<array/>
			<key>runOnlyForDeploymentPostprocessing</key>
			<string>0</string>
			<key>shellPath</key>
			<string>/bin/sh</string>
			<key>shellScript</key>
			<string>diff "${PODS_ROOT}/../Podfile.lock" "${PODS_ROOT}/Manifest.lock" &gt; /dev/null
if [[ $? != 0 ]] ; then
    cat &lt;&lt; EOM
error: The sandbox is not in sync with the Podfile.lock. Run 'pod install' or update your CocoaPods installation.
EOM
    exit 1
fi
</string>
			<key>showEnvVarsInLog</key>
			<string>0</string>
		</dict>
		<key>AC132944CA304ECCBEE50CA9</key>
		<dict>
			<key>explicitFileType</key>
			<string>archive.ar</string>
			<key>includeInIndex</key>
			<string>0</string>
			<key>isa</key>
			<string>PBXFileReference</string>
			<key>path</key>
			<string>libPods.a</string>
			<key>sourceTree</key>
			<string>BUILT_PRODUCTS_DIR</string>
		</dict>
		<key>AD1E04551D6E4F80888A91B1</key>
		<dict>
			<key>buildActionMask</key>
			<string>2147483647</string>
			<key>files</key>
			<array/>
			<key>inputPaths</key>
			<array/>
			<key>isa</key>
			<string>PBXShellScriptBuildPhase</string>
			<key>name</key>
			<string>Check Pods Manifest.lock</string>
			<key>outputPaths</key>
			<array/>
			<key>runOnlyForDeploymentPostprocessing</key>
			<string>0</string>
			<key>shellPath</key>
			<string>/bin/sh</string>
			<key>shellScript</key>
			<string>diff "${PODS_ROOT}/../Podfile.lock" "${PODS_ROOT}/Manifest.lock" &gt; /dev/null
if [[ $? != 0 ]] ; then
    cat &lt;&lt; EOM
error: The sandbox is not in sync with the Podfile.lock. Run 'pod install' or update your CocoaPods installation.
EOM
    exit 1
fi
</string>
			<key>showEnvVarsInLog</key>
			<string>0</string>
		</dict>
		<key>B84860C617F688870086FB05</key>
		<dict>
			<key>children</key>
			<array>
				<string>B84860D417F688870086FB05</string>
				<string>B88AF81D17F6891100E19A37</string>
				<string>B84860D117F688870086FB05</string>
				<string>B84860D017F688870086FB05</string>
				<string>C1F9AA080C874315A955797A</string>
				<string>677D2926065347509D2E3748</string>
			</array>
			<key>isa</key>
			<string>PBXGroup</string>
			<key>sourceTree</key>
			<string>&lt;group&gt;</string>
		</dict>
		<key>B84860C717F688870086FB05</key>
		<dict>
			<key>attributes</key>
			<dict>
				<key>LastUpgradeCheck</key>
				<string>0500</string>
				<key>ORGANIZATIONNAME</key>
				<string>Heath Borders</string>
				<key>TargetAttributes</key>
				<dict>
					<key>B88AF81917F6891000E19A37</key>
					<dict>
						<key>TestTargetID</key>
						<string>B84860CE17F688870086FB05</string>
					</dict>
				</dict>
			</dict>
			<key>buildConfigurationList</key>
			<string>B84860CA17F688870086FB05</string>
			<key>compatibilityVersion</key>
			<string>Xcode 3.2</string>
			<key>developmentRegion</key>
			<string>English</string>
			<key>hasScannedForEncodings</key>
			<string>0</string>
			<key>isa</key>
			<string>PBXProject</string>
			<key>knownRegions</key>
			<array>
				<string>en</string>
			</array>
			<key>mainGroup</key>
			<string>B84860C617F688870086FB05</string>
			<key>productRefGroup</key>
			<string>B84860D017F688870086FB05</string>
			<key>projectDirPath</key>
			<string></string>
			<key>projectReferences</key>
			<array/>
			<key>projectRoot</key>
			<string></string>
			<key>targets</key>
			<array>
				<string>B84860CE17F688870086FB05</string>
				<string>B88AF81917F6891000E19A37</string>
			</array>
		</dict>
		<key>B84860CA17F688870086FB05</key>
		<dict>
			<key>buildConfigurations</key>
			<array>
				<string>B84860DB17F688870086FB05</string>
				<string>B84860DC17F688870086FB05</string>
			</array>
			<key>defaultConfigurationIsVisible</key>
			<string>0</string>
			<key>defaultConfigurationName</key>
			<string>Release</string>
			<key>isa</key>
			<string>XCConfigurationList</string>
		</dict>
		<key>B84860CB17F688870086FB05</key>
		<dict>
			<key>buildActionMask</key>
			<string>2147483647</string>
			<key>files</key>
			<array>
				<string>B84860D617F688870086FB05</string>
				<string>B88AF83117F68B9F00E19A37</string>
			</array>
			<key>isa</key>
			<string>PBXSourcesBuildPhase</string>
			<key>runOnlyForDeploymentPostprocessing</key>
			<string>0</string>
		</dict>
		<key>B84860CC17F688870086FB05</key>
		<dict>
			<key>buildActionMask</key>
			<string>2147483647</string>
			<key>files</key>
			<array>
				<string>B84860D317F688870086FB05</string>
				<string>411A465628014FC7A4AEB8B7</string>
			</array>
			<key>isa</key>
			<string>PBXFrameworksBuildPhase</string>
			<key>runOnlyForDeploymentPostprocessing</key>
			<string>0</string>
		</dict>
		<key>B84860CD17F688870086FB05</key>
		<dict>
			<key>buildActionMask</key>
			<string>2147483647</string>
			<key>dstPath</key>
			<string>/usr/share/man/man1/</string>
			<key>dstSubfolderSpec</key>
			<string>0</string>
			<key>files</key>
			<array>
				<string>B84860DA17F688870086FB05</string>
			</array>
			<key>isa</key>
			<string>PBXCopyFilesBuildPhase</string>
			<key>runOnlyForDeploymentPostprocessing</key>
			<string>1</string>
		</dict>
		<key>B84860CE17F688870086FB05</key>
		<dict>
			<key>buildConfigurationList</key>
			<string>B84860DD17F688870086FB05</string>
			<key>buildPhases</key>
			<array>
				<string>A902EDAE6F76403C892C5558</string>
				<string>B84860CB17F688870086FB05</string>
				<string>B84860CC17F688870086FB05</string>
				<string>B84860CD17F688870086FB05</string>
				<string>4C720D9D5C2941789B3CF79C</string>
			</array>
			<key>buildRules</key>
			<array/>
			<key>dependencies</key>
			<array/>
			<key>isa</key>
			<string>PBXNativeTarget</string>
			<key>name</key>
			<string>CLAide</string>
			<key>productName</key>
			<string>CLAide</string>
			<key>productReference</key>
			<string>B84860CF17F688870086FB05</string>
			<key>productType</key>
			<string>com.apple.product-type.tool</string>
		</dict>
		<key>B84860CF17F688870086FB05</key>
		<dict>
			<key>explicitFileType</key>
			<string>compiled.mach-o.executable</string>
			<key>includeInIndex</key>
			<string>0</string>
			<key>isa</key>
			<string>PBXFileReference</string>
			<key>path</key>
			<string>CLAide</string>
			<key>sourceTree</key>
			<string>BUILT_PRODUCTS_DIR</string>
		</dict>
		<key>B84860D017F688870086FB05</key>
		<dict>
			<key>children</key>
			<array>
				<string>B84860CF17F688870086FB05</string>
				<string>B88AF81A17F6891000E19A37</string>
			</array>
			<key>isa</key>
			<string>PBXGroup</string>
			<key>name</key>
			<string>Products</string>
			<key>sourceTree</key>
			<string>&lt;group&gt;</string>
		</dict>
		<key>B84860D117F688870086FB05</key>
		<dict>
			<key>children</key>
			<array>
				<string>B84860D217F688870086FB05</string>
				<string>B88AF81B17F6891100E19A37</string>
				<string>AC132944CA304ECCBEE50CA9</string>
				<string>E91C78580F724C1780A1E9C4</string>
			</array>
			<key>isa</key>
			<string>PBXGroup</string>
			<key>name</key>
			<string>Frameworks</string>
			<key>sourceTree</key>
			<string>&lt;group&gt;</string>
		</dict>
		<key>B84860D217F688870086FB05</key>
		<dict>
			<key>isa</key>
			<string>PBXFileReference</string>
			<key>lastKnownFileType</key>
			<string>wrapper.framework</string>
			<key>name</key>
			<string>Foundation.framework</string>
			<key>path</key>
			<string>System/Library/Frameworks/Foundation.framework</string>
			<key>sourceTree</key>
			<string>SDKROOT</string>
		</dict>
		<key>B84860D317F688870086FB05</key>
		<dict>
			<key>fileRef</key>
			<string>B84860D217F688870086FB05</string>
			<key>isa</key>
			<string>PBXBuildFile</string>
		</dict>
		<key>B84860D417F688870086FB05</key>
		<dict>
			<key>children</key>
			<array>
				<string>B84860D517F688870086FB05</string>
				<string>B84860D917F688870086FB05</string>
				<string>B84860D717F688870086FB05</string>
				<string>B88AF82F17F68B9F00E19A37</string>
				<string>B88AF83017F68B9F00E19A37</string>
			</array>
			<key>isa</key>
			<string>PBXGroup</string>
			<key>path</key>
			<string>CLAide</string>
			<key>sourceTree</key>
			<string>&lt;group&gt;</string>
		</dict>
		<key>B84860D517F688870086FB05</key>
		<dict>
			<key>isa</key>
			<string>PBXFileReference</string>
			<key>lastKnownFileType</key>
			<string>sourcecode.c.objc</string>
			<key>path</key>
			<string>main.m</string>
			<key>sourceTree</key>
			<string>&lt;group&gt;</string>
		</dict>
		<key>B84860D617F688870086FB05</key>
		<dict>
			<key>fileRef</key>
			<string>B84860D517F688870086FB05</string>
			<key>isa</key>
			<string>PBXBuildFile</string>
		</dict>
		<key>B84860D717F688870086FB05</key>
		<dict>
			<key>children</key>
			<array>
				<string>B84860D817F688870086FB05</string>
			</array>
			<key>isa</key>
			<string>PBXGroup</string>
			<key>name</key>
			<string>Supporting Files</string>
			<key>sourceTree</key>
			<string>&lt;group&gt;</string>
		</dict>
		<key>B84860D817F688870086FB05</key>
		<dict>
			<key>isa</key>
			<string>PBXFileReference</string>
			<key>lastKnownFileType</key>
			<string>sourcecode.c.h</string>
			<key>path</key>
			<string>CLAide-Prefix.pch</string>
			<key>sourceTree</key>
			<string>&lt;group&gt;</string>
		</dict>
		<key>B84860D917F688870086FB05</key>
		<dict>
			<key>isa</key>
			<string>PBXFileReference</string>
			<key>lastKnownFileType</key>
			<string>text.man</string>
			<key>path</key>
			<string>CLAide.1</string>
			<key>sourceTree</key>
			<string>&lt;group&gt;</string>
		</dict>
		<key>B84860DA17F688870086FB05</key>
		<dict>
			<key>fileRef</key>
			<string>B84860D917F688870086FB05</string>
			<key>isa</key>
			<string>PBXBuildFile</string>
		</dict>
		<key>B84860DB17F688870086FB05</key>
		<dict>
			<key>buildSettings</key>
			<dict>
				<key>ALWAYS_SEARCH_USER_PATHS</key>
				<string>NO</string>
				<key>CLANG_CXX_LANGUAGE_STANDARD</key>
				<string>gnu++0x</string>
				<key>CLANG_CXX_LIBRARY</key>
				<string>libc++</string>
				<key>CLANG_ENABLE_OBJC_ARC</key>
				<string>YES</string>
				<key>CLANG_WARN_BOOL_CONVERSION</key>
				<string>YES</string>
				<key>CLANG_WARN_CONSTANT_CONVERSION</key>
				<string>YES</string>
				<key>CLANG_WARN_DIRECT_OBJC_ISA_USAGE</key>
				<string>YES_ERROR</string>
				<key>CLANG_WARN_EMPTY_BODY</key>
				<string>YES</string>
				<key>CLANG_WARN_ENUM_CONVERSION</key>
				<string>YES</string>
				<key>CLANG_WARN_INT_CONVERSION</key>
				<string>YES</string>
				<key>CLANG_WARN_OBJC_ROOT_CLASS</key>
				<string>YES_ERROR</string>
				<key>CLANG_WARN__DUPLICATE_METHOD_MATCH</key>
				<string>YES</string>
				<key>COPY_PHASE_STRIP</key>
				<string>NO</string>
				<key>GCC_C_LANGUAGE_STANDARD</key>
				<string>gnu99</string>
				<key>GCC_DYNAMIC_NO_PIC</key>
				<string>NO</string>
				<key>GCC_ENABLE_OBJC_EXCEPTIONS</key>
				<string>YES</string>
				<key>GCC_OPTIMIZATION_LEVEL</key>
				<string>0</string>
				<key>GCC_PREPROCESSOR_DEFINITIONS</key>
				<array>
					<string>DEBUG=1</string>
					<string>$(inherited)</string>
				</array>
				<key>GCC_SYMBOLS_PRIVATE_EXTERN</key>
				<string>NO</string>
				<key>GCC_WARN_64_TO_32_BIT_CONVERSION</key>
				<string>YES</string>
				<key>GCC_WARN_ABOUT_RETURN_TYPE</key>
				<string>YES_ERROR</string>
				<key>GCC_WARN_UNDECLARED_SELECTOR</key>
				<string>YES</string>
				<key>GCC_WARN_UNINITIALIZED_AUTOS</key>
				<string>YES</string>
				<key>GCC_WARN_UNUSED_FUNCTION</key>
				<string>YES</string>
				<key>GCC_WARN_UNUSED_VARIABLE</key>
				<string>YES</string>
				<key>MACOSX_DEPLOYMENT_TARGET</key>
				<string>10.8</string>
				<key>ONLY_ACTIVE_ARCH</key>
				<string>YES</string>
				<key>SDKROOT</key>
				<string>macosx</string>
			</dict>
			<key>isa</key>
			<string>XCBuildConfiguration</string>
			<key>name</key>
			<string>Debug</string>
		</dict>
		<key>B84860DC17F688870086FB05</key>
		<dict>
			<key>buildSettings</key>
			<dict>
				<key>ALWAYS_SEARCH_USER_PATHS</key>
				<string>NO</string>
				<key>CLANG_CXX_LANGUAGE_STANDARD</key>
				<string>gnu++0x</string>
				<key>CLANG_CXX_LIBRARY</key>
				<string>libc++</string>
				<key>CLANG_ENABLE_OBJC_ARC</key>
				<string>YES</string>
				<key>CLANG_WARN_BOOL_CONVERSION</key>
				<string>YES</string>
				<key>CLANG_WARN_CONSTANT_CONVERSION</key>
				<string>YES</string>
				<key>CLANG_WARN_DIRECT_OBJC_ISA_USAGE</key>
				<string>YES_ERROR</string>
				<key>CLANG_WARN_EMPTY_BODY</key>
				<string>YES</string>
				<key>CLANG_WARN_ENUM_CONVERSION</key>
				<string>YES</string>
				<key>CLANG_WARN_INT_CONVERSION</key>
				<string>YES</string>
				<key>CLANG_WARN_OBJC_ROOT_CLASS</key>
				<string>YES_ERROR</string>
				<key>CLANG_WARN__DUPLICATE_METHOD_MATCH</key>
				<string>YES</string>
				<key>COPY_PHASE_STRIP</key>
				<string>YES</string>
				<key>DEBUG_INFORMATION_FORMAT</key>
				<string>dwarf-with-dsym</string>
				<key>ENABLE_NS_ASSERTIONS</key>
				<string>NO</string>
				<key>GCC_C_LANGUAGE_STANDARD</key>
				<string>gnu99</string>
				<key>GCC_ENABLE_OBJC_EXCEPTIONS</key>
				<string>YES</string>
				<key>GCC_WARN_64_TO_32_BIT_CONVERSION</key>
				<string>YES</string>
				<key>GCC_WARN_ABOUT_RETURN_TYPE</key>
				<string>YES_ERROR</string>
				<key>GCC_WARN_UNDECLARED_SELECTOR</key>
				<string>YES</string>
				<key>GCC_WARN_UNINITIALIZED_AUTOS</key>
				<string>YES</string>
				<key>GCC_WARN_UNUSED_FUNCTION</key>
				<string>YES</string>
				<key>GCC_WARN_UNUSED_VARIABLE</key>
				<string>YES</string>
				<key>MACOSX_DEPLOYMENT_TARGET</key>
				<string>10.8</string>
				<key>SDKROOT</key>
				<string>macosx</string>
			</dict>
			<key>isa</key>
			<string>XCBuildConfiguration</string>
			<key>name</key>
			<string>Release</string>
		</dict>
		<key>B84860DD17F688870086FB05</key>
		<dict>
			<key>buildConfigurations</key>
			<array>
				<string>B84860DE17F688870086FB05</string>
				<string>B84860DF17F688870086FB05</string>
			</array>
			<key>defaultConfigurationIsVisible</key>
			<string>0</string>
			<key>defaultConfigurationName</key>
			<string>Release</string>
			<key>isa</key>
			<string>XCConfigurationList</string>
		</dict>
		<key>B84860DE17F688870086FB05</key>
		<dict>
			<key>baseConfigurationReference</key>
			<string>C1F9AA080C874315A955797A</string>
			<key>buildSettings</key>
			<dict>
				<key>GCC_PRECOMPILE_PREFIX_HEADER</key>
				<string>YES</string>
				<key>GCC_PREFIX_HEADER</key>
				<string>CLAide/CLAide-Prefix.pch</string>
				<key>PRODUCT_NAME</key>
				<string>$(TARGET_NAME)</string>
			</dict>
			<key>isa</key>
			<string>XCBuildConfiguration</string>
			<key>name</key>
			<string>Debug</string>
		</dict>
		<key>B84860DF17F688870086FB05</key>
		<dict>
			<key>baseConfigurationReference</key>
			<string>C1F9AA080C874315A955797A</string>
			<key>buildSettings</key>
			<dict>
				<key>GCC_PRECOMPILE_PREFIX_HEADER</key>
				<string>YES</string>
				<key>GCC_PREFIX_HEADER</key>
				<string>CLAide/CLAide-Prefix.pch</string>
				<key>PRODUCT_NAME</key>
				<string>$(TARGET_NAME)</string>
			</dict>
			<key>isa</key>
			<string>XCBuildConfiguration</string>
			<key>name</key>
			<string>Release</string>
		</dict>
		<key>B88AF81617F6891000E19A37</key>
		<dict>
			<key>buildActionMask</key>
			<string>2147483647</string>
			<key>files</key>
			<array>
				<string>B88AF82E17F68B9500E19A37</string>
				<string>B88AF83317F68E5500E19A37</string>
			</array>
			<key>isa</key>
			<string>PBXSourcesBuildPhase</string>
			<key>runOnlyForDeploymentPostprocessing</key>
			<string>0</string>
		</dict>
		<key>B88AF81717F6891000E19A37</key>
		<dict>
			<key>buildActionMask</key>
			<string>2147483647</string>
			<key>files</key>
			<array>
				<string>B88AF81C17F6891100E19A37</string>
				<string>4BBDE9F402F240E38E07E2DC</string>
			</array>
			<key>isa</key>
			<string>PBXFrameworksBuildPhase</string>
			<key>runOnlyForDeploymentPostprocessing</key>
			<string>0</string>
		</dict>
		<key>B88AF81817F6891000E19A37</key>
		<dict>
			<key>buildActionMask</key>
			<string>2147483647</string>
			<key>files</key>
			<array>
				<string>B88AF82217F6891100E19A37</string>
			</array>
			<key>isa</key>
			<string>PBXResourcesBuildPhase</string>
			<key>runOnlyForDeploymentPostprocessing</key>
			<string>0</string>
		</dict>
		<key>B88AF81917F6891000E19A37</key>
		<dict>
			<key>buildConfigurationList</key>
			<string>B88AF82A17F6891100E19A37</string>
			<key>buildPhases</key>
			<array>
				<string>AD1E04551D6E4F80888A91B1</string>
				<string>B88AF81617F6891000E19A37</string>
				<string>B88AF81717F6891000E19A37</string>
				<string>B88AF81817F6891000E19A37</string>
				<string>84B67518854F420AADB4AE06</string>
			</array>
			<key>buildRules</key>
			<array/>
			<key>dependencies</key>
			<array>
				<string>B88AF82717F6891100E19A37</string>
			</array>
			<key>isa</key>
			<string>PBXNativeTarget</string>
			<key>name</key>
			<string>CLAide Tests</string>
			<key>productName</key>
			<string>CLAide Tests</string>
			<key>productReference</key>
			<string>B88AF81A17F6891000E19A37</string>
			<key>productType</key>
			<string>com.apple.product-type.bundle.unit-test</string>
		</dict>
		<key>B88AF81A17F6891000E19A37</key>
		<dict>
			<key>explicitFileType</key>
			<string>wrapper.cfbundle</string>
			<key>includeInIndex</key>
			<string>0</string>
			<key>isa</key>
			<string>PBXFileReference</string>
			<key>path</key>
			<string>CLAide Tests.xctest</string>
			<key>sourceTree</key>
			<string>BUILT_PRODUCTS_DIR</string>
		</dict>
		<key>B88AF81B17F6891100E19A37</key>
		<dict>
			<key>isa</key>
			<string>PBXFileReference</string>
			<key>lastKnownFileType</key>
			<string>wrapper.framework</string>
			<key>name</key>
			<string>XCTest.framework</string>
			<key>path</key>
			<string>Library/Frameworks/XCTest.framework</string>
			<key>sourceTree</key>
			<string>DEVELOPER_DIR</string>
		</dict>
		<key>B88AF81C17F6891100E19A37</key>
		<dict>
			<key>fileRef</key>
			<string>B88AF81B17F6891100E19A37</string>
			<key>isa</key>
			<string>PBXBuildFile</string>
		</dict>
		<key>B88AF81D17F6891100E19A37</key>
		<dict>
			<key>children</key>
			<array>
				<string>B88AF81E17F6891100E19A37</string>
				<string>B88AF82D17F68B9500E19A37</string>
			</array>
			<key>isa</key>
			<string>PBXGroup</string>
			<key>path</key>
			<string>CLAide Tests</string>
			<key>sourceTree</key>
			<string>&lt;group&gt;</string>
		</dict>
		<key>B88AF81E17F6891100E19A37</key>
		<dict>
			<key>children</key>
			<array>
				<string>B88AF81F17F6891100E19A37</string>
				<string>B88AF82017F6891100E19A37</string>
				<string>B88AF82517F6891100E19A37</string>
			</array>
			<key>isa</key>
			<string>PBXGroup</string>
			<key>name</key>
			<string>Supporting Files</string>
			<key>sourceTree</key>
			<string>&lt;group&gt;</string>
		</dict>
		<key>B88AF81F17F6891100E19A37</key>
		<dict>
			<key>isa</key>
			<string>PBXFileReference</string>
			<key>lastKnownFileType</key>
			<string>text.plist.xml</string>
			<key>path</key>
			<string>CLAide Tests-Info.plist</string>
			<key>sourceTree</key>
			<string>&lt;group&gt;</string>
		</dict>
		<key>B88AF82017F6891100E19A37</key>
		<dict>
			<key>children</key>
			<array>
				<string>B88AF82117F6891100E19A37</string>
			</array>
			<key>isa</key>
			<string>PBXVariantGroup</string>
			<key>name</key>
			<string>InfoPlist.strings</string>
			<key>sourceTree</key>
			<string>&lt;group&gt;</string>
		</dict>
		<key>B88AF82117F6891100E19A37</key>
		<dict>
			<key>isa</key>
			<string>PBXFileReference</string>
			<key>lastKnownFileType</key>
			<string>text.plist.strings</string>
			<key>name</key>
			<string>en</string>
			<key>path</key>
			<string>en.lproj/InfoPlist.strings</string>
			<key>sourceTree</key>
			<string>&lt;group&gt;</string>
		</dict>
		<key>B88AF82217F6891100E19A37</key>
		<dict>
			<key>fileRef</key>
			<string>B88AF82017F6891100E19A37</string>
			<key>isa</key>
			<string>PBXBuildFile</string>
		</dict>
		<key>B88AF82517F6891100E19A37</key>
		<dict>
			<key>isa</key>
			<string>PBXFileReference</string>
			<key>lastKnownFileType</key>
			<string>sourcecode.c.h</string>
			<key>path</key>
			<string>CLAide Tests-Prefix.pch</string>
			<key>sourceTree</key>
			<string>&lt;group&gt;</string>
		</dict>
		<key>B88AF82617F6891100E19A37</key>
		<dict>
			<key>containerPortal</key>
			<string>B84860C717F688870086FB05</string>
			<key>isa</key>
			<string>PBXContainerItemProxy</string>
			<key>proxyType</key>
			<string>1</string>
			<key>remoteGlobalIDString</key>
			<string>B84860CE17F688870086FB05</string>
			<key>remoteInfo</key>
			<string>CLAide</string>
		</dict>
		<key>B88AF82717F6891100E19A37</key>
		<dict>
			<key>isa</key>
			<string>PBXTargetDependency</string>
			<key>target</key>
			<string>B84860CE17F688870086FB05</string>
			<key>targetProxy</key>
			<string>B88AF82617F6891100E19A37</string>
		</dict>
		<key>B88AF82817F6891100E19A37</key>
		<dict>
			<key>baseConfigurationReference</key>
			<string>677D2926065347509D2E3748</string>
			<key>buildSettings</key>
			<dict>
				<key>FRAMEWORK_SEARCH_PATHS</key>
				<array>
					<string>$(DEVELOPER_FRAMEWORKS_DIR)</string>
					<string>$(inherited)</string>
				</array>
				<key>GCC_PRECOMPILE_PREFIX_HEADER</key>
				<string>YES</string>
				<key>GCC_PREFIX_HEADER</key>
				<string>CLAide Tests/CLAide Tests-Prefix.pch</string>
				<key>GCC_PREPROCESSOR_DEFINITIONS</key>
				<array>
					<string>DEBUG=1</string>
					<string>$(inherited)</string>
				</array>
				<key>INFOPLIST_FILE</key>
				<string>CLAide Tests/CLAide Tests-Info.plist</string>
				<key>PRODUCT_NAME</key>
				<string>$(TARGET_NAME)</string>
				<key>WRAPPER_EXTENSION</key>
				<string>xctest</string>
			</dict>
			<key>isa</key>
			<string>XCBuildConfiguration</string>
			<key>name</key>
			<string>Debug</string>
		</dict>
		<key>B88AF82917F6891100E19A37</key>
		<dict>
			<key>baseConfigurationReference</key>
			<string>677D2926065347509D2E3748</string>
			<key>buildSettings</key>
			<dict>
				<key>FRAMEWORK_SEARCH_PATHS</key>
				<array>
					<string>$(DEVELOPER_FRAMEWORKS_DIR)</string>
					<string>$(inherited)</string>
				</array>
				<key>GCC_PRECOMPILE_PREFIX_HEADER</key>
				<string>YES</string>
				<key>GCC_PREFIX_HEADER</key>
				<string>CLAide Tests/CLAide Tests-Prefix.pch</string>
				<key>INFOPLIST_FILE</key>
				<string>CLAide Tests/CLAide Tests-Info.plist</string>
				<key>PRODUCT_NAME</key>
				<string>$(TARGET_NAME)</string>
				<key>WRAPPER_EXTENSION</key>
				<string>xctest</string>
			</dict>
			<key>isa</key>
			<string>XCBuildConfiguration</string>
			<key>name</key>
			<string>Release</string>
		</dict>
		<key>B88AF82A17F6891100E19A37</key>
		<dict>
			<key>buildConfigurations</key>
			<array>
				<string>B88AF82817F6891100E19A37</string>
				<string>B88AF82917F6891100E19A37</string>
			</array>
			<key>defaultConfigurationIsVisible</key>
			<string>0</string>
			<key>isa</key>
			<string>XCConfigurationList</string>
		</dict>
		<key>B88AF82D17F68B9500E19A37</key>
		<dict>
			<key>fileEncoding</key>
			<string>4</string>
			<key>isa</key>
			<string>PBXFileReference</string>
			<key>lastKnownFileType</key>
			<string>sourcecode.c.objc</string>
			<key>path</key>
			<string>ARGV_Tests.m</string>
			<key>sourceTree</key>
			<string>&lt;group&gt;</string>
		</dict>
		<key>B88AF82E17F68B9500E19A37</key>
		<dict>
			<key>fileRef</key>
			<string>B88AF82D17F68B9500E19A37</string>
			<key>isa</key>
			<string>PBXBuildFile</string>
		</dict>
		<key>B88AF82F17F68B9F00E19A37</key>
		<dict>
			<key>fileEncoding</key>
			<string>4</string>
			<key>isa</key>
			<string>PBXFileReference</string>
			<key>lastKnownFileType</key>
			<string>sourcecode.c.h</string>
			<key>path</key>
			<string>ARGV.h</string>
			<key>sourceTree</key>
			<string>&lt;group&gt;</string>
		</dict>
		<key>B88AF83017F68B9F00E19A37</key>
		<dict>
			<key>fileEncoding</key>
			<string>4</string>
			<key>isa</key>
			<string>PBXFileReference</string>
			<key>lastKnownFileType</key>
			<string>sourcecode.c.objc</string>
			<key>path</key>
			<string>ARGV.m</string>
			<key>sourceTree</key>
			<string>&lt;group&gt;</string>
		</dict>
		<key>B88AF83117F68B9F00E19A37</key>
		<dict>
			<key>fileRef</key>
			<string>B88AF83017F68B9F00E19A37</string>
			<key>isa</key>
			<string>PBXBuildFile</string>
		</dict>
		<key>B88AF83317F68E5500E19A37</key>
		<dict>
			<key>fileRef</key>
			<string>B88AF83017F68B9F00E19A37</string>
			<key>isa</key>
			<string>PBXBuildFile</string>
		</dict>
		<key>C1F9AA080C874315A955797A</key>
		<dict>
			<key>includeInIndex</key>
			<string>1</string>
			<key>isa</key>
			<string>PBXFileReference</string>
			<key>lastKnownFileType</key>
			<string>text.xcconfig</string>
			<key>name</key>
			<string>Pods.xcconfig</string>
			<key>path</key>
			<string>Pods/Pods.xcconfig</string>
			<key>sourceTree</key>
			<string>&lt;group&gt;</string>
		</dict>
		<key>E91C78580F724C1780A1E9C4</key>
		<dict>
			<key>explicitFileType</key>
			<string>archive.ar</string>
			<key>includeInIndex</key>
			<string>0</string>
			<key>isa</key>
			<string>PBXFileReference</string>
			<key>path</key>
			<string>libPods-test.a</string>
			<key>sourceTree</key>
			<string>BUILT_PRODUCTS_DIR</string>
		</dict>
	</dict>
	<key>rootObject</key>
	<string>B84860C717F688870086FB05</string>
</dict>
</plist>
